
Microsoft Visual Studio Solution File, Format Version 12.00
# Visual Studio 15
VisualStudioVersion = 15.0.28307.1022
MinimumVisualStudioVersion = 10.0.40219.1
Project("{FAE04EC0-301F-11D3-BF4B-00C04F79EFBC}") = "ScreenRecord", "ScreenRecord\ScreenRecord.csproj", "{46AFB3D9-D38A-4D4B-A3E1-496EDD164D9E}"
EndProject
Project("{54435603-DBB4-11D2-8724-00A0C9A8B90C}") = "Setup1", "Setup1\Setup1.vdproj", "{CB6754CB-BD50-4682-88B3-A13A15082659}"
EndProject
Global
	GlobalSection(SolutionConfigurationPlatforms) = preSolution
		Debug|Any CPU = Debug|Any CPU
		Release|Any CPU = Release|Any CPU
	EndGlobalSection
	GlobalSection(ProjectConfigurationPlatforms) = postSolution
		{46AFB3D9-D38A-4D4B-A3E1-496EDD164D9E}.Debug|Any CPU.ActiveCfg = Debug|Any CPU
		{46AFB3D9-D38A-4D4B-A3E1-496EDD164D9E}.Debug|Any CPU.Build.0 = Debug|Any CPU
		{46AFB3D9-D38A-4D4B-A3E1-496EDD164D9E}.Release|Any CPU.ActiveCfg = Release|Any CPU
		{46AFB3D9-D38A-4D4B-A3E1-496EDD164D9E}.Release|Any CPU.Build.0 = Release|Any CPU
		{CB6754CB-BD50-4682-88B3-A13A15082659}.Debug|Any CPU.ActiveCfg = Debug
		{CB6754CB-BD50-4682-88B3-A13A15082659}.Release|Any CPU.ActiveCfg = Release
	EndGlobalSection
	GlobalSection(SolutionProperties) = preSolution
		HideSolutionNode = FALSE
	EndGlobalSection
	GlobalSection(ExtensibilityGlobals) = postSolution
		SolutionGuid = {6362EBD2-928B-4B80-BEC6-08734260D557}
	EndGlobalSection
EndGlobal
